
Microsoft Visual Studio Solution File, Format Version 12.00
# Visual Studio Version 17
VisualStudioVersion = 17.8.34330.188
MinimumVisualStudioVersion = 10.0.40219.1
Project("{9A19103F-16F7-4668-BE54-9A1E7A4F7556}") = "CarMgmt", "BankApplication\CarMgmt.csproj", "{8885C6A2-6079-4145-AB93-C91F4689D1BB}"
EndProject
Global
	GlobalSection(SolutionConfigurationPlatforms) = preSolution
		Debug|Any CPU = Debug|Any CPU
		Release|Any CPU = Release|Any CPU
	EndGlobalSection
	GlobalSection(ProjectConfigurationPlatforms) = postSolution
		{8885C6A2-6079-4145-AB93-C91F4689D1BB}.Debug|Any CPU.ActiveCfg = Debug|Any CPU
		{8885C6A2-6079-4145-AB93-C91F4689D1BB}.Debug|Any CPU.Build.0 = Debug|Any CPU
		{8885C6A2-6079-4145-AB93-C91F4689D1BB}.Release|Any CPU.ActiveCfg = Release|Any CPU
		{8885C6A2-6079-4145-AB93-C91F4689D1BB}.Release|Any CPU.Build.0 = Release|Any CPU
	EndGlobalSection
	GlobalSection(SolutionProperties) = preSolution
		HideSolutionNode = FALSE
	EndGlobalSection
	GlobalSection(ExtensibilityGlobals) = postSolution
		SolutionGuid = {BDD60529-8439-46F3-91D4-B08B2B77D753}
	EndGlobalSection
EndGlobal
